
Microsoft Visual Studio Solution File, Format Version 11.00
# Visual Studio 2010
Project("{FAE04EC0-301F-11D3-BF4B-00C04F79EFBC}") = "UtmaningenReg", "UtmaningenReg\UtmaningenReg.csproj", "{57AA9D21-9A53-4950-A841-1591A1F64473}"
EndProject
Global
	GlobalSection(SolutionConfigurationPlatforms) = preSolution
		Debug|Any CPU = Debug|Any CPU
		Release|Any CPU = Release|Any CPU
	EndGlobalSection
	GlobalSection(ProjectConfigurationPlatforms) = postSolution
		{57AA9D21-9A53-4950-A841-1591A1F64473}.Debug|Any CPU.ActiveCfg = Debug|Any CPU
		{57AA9D21-9A53-4950-A841-1591A1F64473}.Debug|Any CPU.Build.0 = Debug|Any CPU
		{57AA9D21-9A53-4950-A841-1591A1F64473}.Release|Any CPU.ActiveCfg = Release|Any CPU
		{57AA9D21-9A53-4950-A841-1591A1F64473}.Release|Any CPU.Build.0 = Release|Any CPU
	EndGlobalSection
	GlobalSection(SolutionProperties) = preSolution
		HideSolutionNode = FALSE
	EndGlobalSection
EndGlobal
